# This file is automatically @generated by Cargo.
# It is not intended for manual editing.
version = 4

[[package]]
name = "desktop-node"
version = "0.1.0"
dependencies = [
 "span-capture",
 "span-core",
 "span-transport",
]

[[package]]
name = "span-capture"
version = "0.1.0"
dependencies = [
 "span-core",
]

[[package]]
name = "span-core"
version = "0.1.0"

[[package]]
name = "span-transport"
version = "0.1.0"
dependencies = [
 "span-core",
]

[[package]]
name = "wasm-client"
version = "0.1.0"
dependencies = [
 "span-core",
]
